
Microsoft Visual Studio Solution File, Format Version 12.00
# Visual Studio 15
VisualStudioVersion = 15.0.28307.271
MinimumVisualStudioVersion = 10.0.40219.1
Project("{FAE04EC0-301F-11D3-BF4B-00C04F79EFBC}") = "Exercise 3", "Exercise 3\Exercise 3.csproj", "{727CD149-E481-4D79-96C1-72339C96FDE3}"
EndProject
Global
	GlobalSection(SolutionConfigurationPlatforms) = preSolution
		Debug|Any CPU = Debug|Any CPU
		Release|Any CPU = Release|Any CPU
	EndGlobalSection
	GlobalSection(ProjectConfigurationPlatforms) = postSolution
		{727CD149-E481-4D79-96C1-72339C96FDE3}.Debug|Any CPU.ActiveCfg = Debug|Any CPU
		{727CD149-E481-4D79-96C1-72339C96FDE3}.Debug|Any CPU.Build.0 = Debug|Any CPU
		{727CD149-E481-4D79-96C1-72339C96FDE3}.Release|Any CPU.ActiveCfg = Release|Any CPU
		{727CD149-E481-4D79-96C1-72339C96FDE3}.Release|Any CPU.Build.0 = Release|Any CPU
	EndGlobalSection
	GlobalSection(SolutionProperties) = preSolution
		HideSolutionNode = FALSE
	EndGlobalSection
	GlobalSection(ExtensibilityGlobals) = postSolution
		SolutionGuid = {8FC50174-C3FB-400B-B16F-DCA34EF2B6A6}
	EndGlobalSection
EndGlobal
